
Microsoft Visual Studio Solution File, Format Version 12.00
# Visual Studio Version 16
VisualStudioVersion = 16.0.30104.148
MinimumVisualStudioVersion = 10.0.40219.1
Project("{9A19103F-16F7-4668-BE54-9A1E7A4F7556}") = "ShoppingApp", "ShoppingApp\ShoppingApp\ShoppingApp.csproj", "{9EBB6490-DD57-4FA8-9E8F-7A469F9A1E9F}"
EndProject
Project("{FAE04EC0-301F-11D3-BF4B-00C04F79EFBC}") = "ShoppingApp.Android", "ShoppingApp\ShoppingApp.Android\ShoppingApp.Android.csproj", "{1DE85E54-BC85-420D-8716-F3E7B02231D0}"
EndProject
Project("{FAE04EC0-301F-11D3-BF4B-00C04F79EFBC}") = "ShoppingApp.iOS", "ShoppingApp\ShoppingApp.iOS\ShoppingApp.iOS.csproj", "{BBE78D6E-B8FB-4309-A851-DF2E2F614D6C}"
EndProject
Project("{2150E333-8FDC-42A3-9474-1A3956D46DE8}") = "Api", "Api", "{205AB5AB-9883-438E-B5AC-EDB72DF98AC6}"
EndProject
Project("{2150E333-8FDC-42A3-9474-1A3956D46DE8}") = "Mobile", "Mobile", "{B1AE4E9F-6EF9-4EAB-80C4-20E68089154E}"
EndProject
Project("{2150E333-8FDC-42A3-9474-1A3956D46DE8}") = "1.API", "1.API", "{056E7B6E-10E4-4D09-BB28-7C4C5F184CEF}"
EndProject
Project("{9A19103F-16F7-4668-BE54-9A1E7A4F7556}") = "ShoppingApp.Api.API", "ShoppingApp.Api\ShoppingApp.Api.API\ShoppingApp.Api.API.csproj", "{3EEC2700-E72C-464C-B22E-A3BB3729DC91}"
EndProject
Project("{9A19103F-16F7-4668-BE54-9A1E7A4F7556}") = "ShoppingApp.Api.API.Common", "ShoppingApp.Api\ShoppingApp.Api.API.Common\ShoppingApp.Api.API.Common.csproj", "{19A86C74-2A41-4165-B4C4-B583CD1AC8B0}"
EndProject
Project("{2150E333-8FDC-42A3-9474-1A3956D46DE8}") = "00.Tests", "00.Tests", "{7071F56E-7B59-4B53-A37E-FAA0C8A13E40}"
EndProject
Project("{9A19103F-16F7-4668-BE54-9A1E7A4F7556}") = "ShoppingApp.Api.API.Tests.Controllers", "ShoppingApp.Api\ShoppingApp.Api.API.Tests.Controllers\ShoppingApp.Api.API.Tests.Controllers.csproj", "{4D0A680F-F05D-4657-A2CE-898019404D0D}"
EndProject
Project("{9A19103F-16F7-4668-BE54-9A1E7A4F7556}") = "ShoppingApp.Api.API.Tests.REST", "ShoppingApp.Api\ShoppingApp.Api.API.Tests.REST\ShoppingApp.Api.API.Tests.REST.csproj", "{6911E3B4-18AB-480D-91FE-F62CA55EEC65}"
EndProject
Project("{2150E333-8FDC-42A3-9474-1A3956D46DE8}") = "01.Common", "01.Common", "{10805D1C-67B8-4689-9CB7-EF50B498FB9D}"
EndProject
Project("{9A19103F-16F7-4668-BE54-9A1E7A4F7556}") = "ShoppingApp.Api.IoC.Configuration", "ShoppingApp.Api\ShoppingApp.Api.IoC.Configuration\ShoppingApp.Api.IoC.Configuration.csproj", "{DE0A23D3-52D4-4A83-8016-B90D95B608E1}"
EndProject
Project("{9A19103F-16F7-4668-BE54-9A1E7A4F7556}") = "ShoppingApp.Api.Tools", "ShoppingApp.Api\ShoppingApp.Api.Tools\ShoppingApp.Api.Tools.csproj", "{8CE8C747-E63F-413C-82B8-C9B750587429}"
EndProject
Project("{2150E333-8FDC-42A3-9474-1A3956D46DE8}") = "2.Services", "2.Services", "{14A2C9D9-D2DF-4E3B-8A00-71EE525D0347}"
EndProject
Project("{9A19103F-16F7-4668-BE54-9A1E7A4F7556}") = "ShoppingApp.Api.Services", "ShoppingApp.Api\ShoppingApp.Api.Services\ShoppingApp.Api.Services.csproj", "{73DD9F90-81C2-4133-9CB2-D1D638CD9E1D}"
EndProject
Project("{9A19103F-16F7-4668-BE54-9A1E7A4F7556}") = "ShoppingApp.Api.API.Data", "ShoppingApp.Api.API.Data\ShoppingApp.Api.API.Data.csproj", "{84E5B542-FBD2-4497-B038-10A3762D907E}"
EndProject
Project("{9A19103F-16F7-4668-BE54-9A1E7A4F7556}") = "ShoppingApp.Application", "ShoppingApp.Application\ShoppingApp.Application.csproj", "{FF03742F-FBB5-4F36-B767-6394DF797108}"
EndProject
Project("{9A19103F-16F7-4668-BE54-9A1E7A4F7556}") = "ShoppingApp.Tests", "ShoppingApp.Tests\ShoppingApp.Tests.csproj", "{99677E08-2FB1-4E5F-86AF-8D5A95E31E03}"
EndProject
Project("{9A19103F-16F7-4668-BE54-9A1E7A4F7556}") = "ShoppingApp.Common", "ShoppingApp.Common\ShoppingApp.Common.csproj", "{458CDC73-1E93-40FC-BC95-1919E8BDB244}"
EndProject
Global
	GlobalSection(SolutionConfigurationPlatforms) = preSolution
		Ad-Hoc|Any CPU = Ad-Hoc|Any CPU
		Ad-Hoc|iPhone = Ad-Hoc|iPhone
		Ad-Hoc|iPhoneSimulator = Ad-Hoc|iPhoneSimulator
		AppStore|Any CPU = AppStore|Any CPU
		AppStore|iPhone = AppStore|iPhone
		AppStore|iPhoneSimulator = AppStore|iPhoneSimulator
		Debug|Any CPU = Debug|Any CPU
		Debug|iPhone = Debug|iPhone
		Debug|iPhoneSimulator = Debug|iPhoneSimulator
		Release|Any CPU = Release|Any CPU
		Release|iPhone = Release|iPhone
		Release|iPhoneSimulator = Release|iPhoneSimulator
	EndGlobalSection
	GlobalSection(ProjectConfigurationPlatforms) = postSolution
		{9EBB6490-DD57-4FA8-9E8F-7A469F9A1E9F}.Ad-Hoc|Any CPU.ActiveCfg = Debug|Any CPU
		{9EBB6490-DD57-4FA8-9E8F-7A469F9A1E9F}.Ad-Hoc|Any CPU.Build.0 = Debug|Any CPU
		{9EBB6490-DD57-4FA8-9E8F-7A469F9A1E9F}.Ad-Hoc|iPhone.ActiveCfg = Debug|Any CPU
		{9EBB6490-DD57-4FA8-9E8F-7A469F9A1E9F}.Ad-Hoc|iPhone.Build.0 = Debug|Any CPU
		{9EBB6490-DD57-4FA8-9E8F-7A469F9A1E9F}.Ad-Hoc|iPhoneSimulator.ActiveCfg = Debug|Any CPU
		{9EBB6490-DD57-4FA8-9E8F-7A469F9A1E9F}.Ad-Hoc|iPhoneSimulator.Build.0 = Debug|Any CPU
		{9EBB6490-DD57-4FA8-9E8F-7A469F9A1E9F}.AppStore|Any CPU.ActiveCfg = Debug|Any CPU
		{9EBB6490-DD57-4FA8-9E8F-7A469F9A1E9F}.AppStore|Any CPU.Build.0 = Debug|Any CPU
		{9EBB6490-DD57-4FA8-9E8F-7A469F9A1E9F}.AppStore|iPhone.ActiveCfg = Debug|Any CPU
		{9EBB6490-DD57-4FA8-9E8F-7A469F9A1E9F}.AppStore|iPhone.Build.0 = Debug|Any CPU
		{9EBB6490-DD57-4FA8-9E8F-7A469F9A1E9F}.AppStore|iPhoneSimulator.ActiveCfg = Debug|Any CPU
		{9EBB6490-DD57-4FA8-9E8F-7A469F9A1E9F}.AppStore|iPhoneSimulator.Build.0 = Debug|Any CPU
		{9EBB6490-DD57-4FA8-9E8F-7A469F9A1E9F}.Debug|Any CPU.ActiveCfg = Debug|Any CPU
		{9EBB6490-DD57-4FA8-9E8F-7A469F9A1E9F}.Debug|Any CPU.Build.0 = Debug|Any CPU
		{9EBB6490-DD57-4FA8-9E8F-7A469F9A1E9F}.Debug|iPhone.ActiveCfg = Debug|Any CPU
		{9EBB6490-DD57-4FA8-9E8F-7A469F9A1E9F}.Debug|iPhone.Build.0 = Debug|Any CPU
		{9EBB6490-DD57-4FA8-9E8F-7A469F9A1E9F}.Debug|iPhoneSimulator.ActiveCfg = Debug|Any CPU
		{9EBB6490-DD57-4FA8-9E8F-7A469F9A1E9F}.Debug|iPhoneSimulator.Build.0 = Debug|Any CPU
		{9EBB6490-DD57-4FA8-9E8F-7A469F9A1E9F}.Release|Any CPU.ActiveCfg = Release|Any CPU
		{9EBB6490-DD57-4FA8-9E8F-7A469F9A1E9F}.Release|Any CPU.Build.0 = Release|Any CPU
		{9EBB6490-DD57-4FA8-9E8F-7A469F9A1E9F}.Release|iPhone.ActiveCfg = Release|Any CPU
		{9EBB6490-DD57-4FA8-9E8F-7A469F9A1E9F}.Release|iPhone.Build.0 = Release|Any CPU
		{9EBB6490-DD57-4FA8-9E8F-7A469F9A1E9F}.Release|iPhoneSimulator.ActiveCfg = Release|Any CPU
		{9EBB6490-DD57-4FA8-9E8F-7A469F9A1E9F}.Release|iPhoneSimulator.Build.0 = Release|Any CPU
		{1DE85E54-BC85-420D-8716-F3E7B02231D0}.Ad-Hoc|Any CPU.ActiveCfg = Release|Any CPU
		{1DE85E54-BC85-420D-8716-F3E7B02231D0}.Ad-Hoc|Any CPU.Build.0 = Release|Any CPU
		{1DE85E54-BC85-420D-8716-F3E7B02231D0}.Ad-Hoc|Any CPU.Deploy.0 = Release|Any CPU
		{1DE85E54-BC85-420D-8716-F3E7B02231D0}.Ad-Hoc|iPhone.ActiveCfg = Release|Any CPU
		{1DE85E54-BC85-420D-8716-F3E7B02231D0}.Ad-Hoc|iPhone.Build.0 = Release|Any CPU
		{1DE85E54-BC85-420D-8716-F3E7B02231D0}.Ad-Hoc|iPhone.Deploy.0 = Release|Any CPU
		{1DE85E54-BC85-420D-8716-F3E7B02231D0}.Ad-Hoc|iPhoneSimulator.ActiveCfg = Release|Any CPU
		{1DE85E54-BC85-420D-8716-F3E7B02231D0}.Ad-Hoc|iPhoneSimulator.Build.0 = Release|Any CPU
		{1DE85E54-BC85-420D-8716-F3E7B02231D0}.Ad-Hoc|iPhoneSimulator.Deploy.0 = Release|Any CPU
		{1DE85E54-BC85-420D-8716-F3E7B02231D0}.AppStore|Any CPU.ActiveCfg = Release|Any CPU
		{1DE85E54-BC85-420D-8716-F3E7B02231D0}.AppStore|Any CPU.Build.0 = Release|Any CPU
		{1DE85E54-BC85-420D-8716-F3E7B02231D0}.AppStore|Any CPU.Deploy.0 = Release|Any CPU
		{1DE85E54-BC85-420D-8716-F3E7B02231D0}.AppStore|iPhone.ActiveCfg = Release|Any CPU
		{1DE85E54-BC85-420D-8716-F3E7B02231D0}.AppStore|iPhone.Build.0 = Release|Any CPU
		{1DE85E54-BC85-420D-8716-F3E7B02231D0}.AppStore|iPhone.Deploy.0 = Release|Any CPU
		{1DE85E54-BC85-420D-8716-F3E7B02231D0}.AppStore|iPhoneSimulator.ActiveCfg = Release|Any CPU
		{1DE85E54-BC85-420D-8716-F3E7B02231D0}.AppStore|iPhoneSimulator.Build.0 = Release|Any CPU
		{1DE85E54-BC85-420D-8716-F3E7B02231D0}.AppStore|iPhoneSimulator.Deploy.0 = Release|Any CPU
		{1DE85E54-BC85-420D-8716-F3E7B02231D0}.Debug|Any CPU.ActiveCfg = Debug|Any CPU
		{1DE85E54-BC85-420D-8716-F3E7B02231D0}.Debug|Any CPU.Build.0 = Debug|Any CPU
		{1DE85E54-BC85-420D-8716-F3E7B02231D0}.Debug|Any CPU.Deploy.0 = Debug|Any CPU
		{1DE85E54-BC85-420D-8716-F3E7B02231D0}.Debug|iPhone.ActiveCfg = Debug|Any CPU
		{1DE85E54-BC85-420D-8716-F3E7B02231D0}.Debug|iPhone.Build.0 = Debug|Any CPU
		{1DE85E54-BC85-420D-8716-F3E7B02231D0}.Debug|iPhone.Deploy.0 = Debug|Any CPU
		{1DE85E54-BC85-420D-8716-F3E7B02231D0}.Debug|iPhoneSimulator.ActiveCfg = Debug|Any CPU
		{1DE85E54-BC85-420D-8716-F3E7B02231D0}.Debug|iPhoneSimulator.Build.0 = Debug|Any CPU
		{1DE85E54-BC85-420D-8716-F3E7B02231D0}.Debug|iPhoneSimulator.Deploy.0 = Debug|Any CPU
		{1DE85E54-BC85-420D-8716-F3E7B02231D0}.Release|Any CPU.ActiveCfg = Release|Any CPU
		{1DE85E54-BC85-420D-8716-F3E7B02231D0}.Release|Any CPU.Build.0 = Release|Any CPU
		{1DE85E54-BC85-420D-8716-F3E7B02231D0}.Release|Any CPU.Deploy.0 = Release|Any CPU
		{1DE85E54-BC85-420D-8716-F3E7B02231D0}.Release|iPhone.ActiveCfg = Release|Any CPU
		{1DE85E54-BC85-420D-8716-F3E7B02231D0}.Release|iPhone.Build.0 = Release|Any CPU
		{1DE85E54-BC85-420D-8716-F3E7B02231D0}.Release|iPhone.Deploy.0 = Release|Any CPU
		{1DE85E54-BC85-420D-8716-F3E7B02231D0}.Release|iPhoneSimulator.ActiveCfg = Release|Any CPU
		{1DE85E54-BC85-420D-8716-F3E7B02231D0}.Release|iPhoneSimulator.Build.0 = Release|Any CPU
		{1DE85E54-BC85-420D-8716-F3E7B02231D0}.Release|iPhoneSimulator.Deploy.0 = Release|Any CPU
		{BBE78D6E-B8FB-4309-A851-DF2E2F614D6C}.Ad-Hoc|Any CPU.ActiveCfg = Ad-Hoc|iPhone
		{BBE78D6E-B8FB-4309-A851-DF2E2F614D6C}.Ad-Hoc|iPhone.ActiveCfg = Ad-Hoc|iPhone
		{BBE78D6E-B8FB-4309-A851-DF2E2F614D6C}.Ad-Hoc|iPhone.Build.0 = Ad-Hoc|iPhone
		{BBE78D6E-B8FB-4309-A851-DF2E2F614D6C}.Ad-Hoc|iPhoneSimulator.ActiveCfg = Ad-Hoc|iPhoneSimulator
		{BBE78D6E-B8FB-4309-A851-DF2E2F614D6C}.Ad-Hoc|iPhoneSimulator.Build.0 = Ad-Hoc|iPhoneSimulator
		{BBE78D6E-B8FB-4309-A851-DF2E2F614D6C}.AppStore|Any CPU.ActiveCfg = AppStore|iPhone
		{BBE78D6E-B8FB-4309-A851-DF2E2F614D6C}.AppStore|iPhone.ActiveCfg = AppStore|iPhone
		{BBE78D6E-B8FB-4309-A851-DF2E2F614D6C}.AppStore|iPhone.Build.0 = AppStore|iPhone
		{BBE78D6E-B8FB-4309-A851-DF2E2F614D6C}.AppStore|iPhoneSimulator.ActiveCfg = AppStore|iPhoneSimulator
		{BBE78D6E-B8FB-4309-A851-DF2E2F614D6C}.AppStore|iPhoneSimulator.Build.0 = AppStore|iPhoneSimulator
		{BBE78D6E-B8FB-4309-A851-DF2E2F614D6C}.Debug|Any CPU.ActiveCfg = Debug|iPhone
		{BBE78D6E-B8FB-4309-A851-DF2E2F614D6C}.Debug|iPhone.ActiveCfg = Debug|iPhone
		{BBE78D6E-B8FB-4309-A851-DF2E2F614D6C}.Debug|iPhone.Build.0 = Debug|iPhone
		{BBE78D6E-B8FB-4309-A851-DF2E2F614D6C}.Debug|iPhoneSimulator.ActiveCfg = Debug|iPhoneSimulator
		{BBE78D6E-B8FB-4309-A851-DF2E2F614D6C}.Debug|iPhoneSimulator.Build.0 = Debug|iPhoneSimulator
		{BBE78D6E-B8FB-4309-A851-DF2E2F614D6C}.Release|Any CPU.ActiveCfg = Release|iPhone
		{BBE78D6E-B8FB-4309-A851-DF2E2F614D6C}.Release|iPhone.ActiveCfg = Release|iPhone
		{BBE78D6E-B8FB-4309-A851-DF2E2F614D6C}.Release|iPhone.Build.0 = Release|iPhone
		{BBE78D6E-B8FB-4309-A851-DF2E2F614D6C}.Release|iPhoneSimulator.ActiveCfg = Release|iPhoneSimulator
		{BBE78D6E-B8FB-4309-A851-DF2E2F614D6C}.Release|iPhoneSimulator.Build.0 = Release|iPhoneSimulator
		{3EEC2700-E72C-464C-B22E-A3BB3729DC91}.Ad-Hoc|Any CPU.ActiveCfg = Debug|Any CPU
		{3EEC2700-E72C-464C-B22E-A3BB3729DC91}.Ad-Hoc|Any CPU.Build.0 = Debug|Any CPU
		{3EEC2700-E72C-464C-B22E-A3BB3729DC91}.Ad-Hoc|iPhone.ActiveCfg = Debug|Any CPU
		{3EEC2700-E72C-464C-B22E-A3BB3729DC91}.Ad-Hoc|iPhone.Build.0 = Debug|Any CPU
		{3EEC2700-E72C-464C-B22E-A3BB3729DC91}.Ad-Hoc|iPhoneSimulator.ActiveCfg = Debug|Any CPU
		{3EEC2700-E72C-464C-B22E-A3BB3729DC91}.Ad-Hoc|iPhoneSimulator.Build.0 = Debug|Any CPU
		{3EEC2700-E72C-464C-B22E-A3BB3729DC91}.AppStore|Any CPU.ActiveCfg = Debug|Any CPU
		{3EEC2700-E72C-464C-B22E-A3BB3729DC91}.AppStore|Any CPU.Build.0 = Debug|Any CPU
		{3EEC2700-E72C-464C-B22E-A3BB3729DC91}.AppStore|iPhone.ActiveCfg = Debug|Any CPU
		{3EEC2700-E72C-464C-B22E-A3BB3729DC91}.AppStore|iPhone.Build.0 = Debug|Any CPU
		{3EEC2700-E72C-464C-B22E-A3BB3729DC91}.AppStore|iPhoneSimulator.ActiveCfg = Debug|Any CPU
		{3EEC2700-E72C-464C-B22E-A3BB3729DC91}.AppStore|iPhoneSimulator.Build.0 = Debug|Any CPU
		{3EEC2700-E72C-464C-B22E-A3BB3729DC91}.Debug|Any CPU.ActiveCfg = Debug|Any CPU
		{3EEC2700-E72C-464C-B22E-A3BB3729DC91}.Debug|Any CPU.Build.0 = Debug|Any CPU
		{3EEC2700-E72C-464C-B22E-A3BB3729DC91}.Debug|iPhone.ActiveCfg = Debug|Any CPU
		{3EEC2700-E72C-464C-B22E-A3BB3729DC91}.Debug|iPhone.Build.0 = Debug|Any CPU
		{3EEC2700-E72C-464C-B22E-A3BB3729DC91}.Debug|iPhoneSimulator.ActiveCfg = Debug|Any CPU
		{3EEC2700-E72C-464C-B22E-A3BB3729DC91}.Debug|iPhoneSimulator.Build.0 = Debug|Any CPU
		{3EEC2700-E72C-464C-B22E-A3BB3729DC91}.Release|Any CPU.ActiveCfg = Release|Any CPU
		{3EEC2700-E72C-464C-B22E-A3BB3729DC91}.Release|Any CPU.Build.0 = Release|Any CPU
		{3EEC2700-E72C-464C-B22E-A3BB3729DC91}.Release|iPhone.ActiveCfg = Release|Any CPU
		{3EEC2700-E72C-464C-B22E-A3BB3729DC91}.Release|iPhone.Build.0 = Release|Any CPU
		{3EEC2700-E72C-464C-B22E-A3BB3729DC91}.Release|iPhoneSimulator.ActiveCfg = Release|Any CPU
		{3EEC2700-E72C-464C-B22E-A3BB3729DC91}.Release|iPhoneSimulator.Build.0 = Release|Any CPU
		{19A86C74-2A41-4165-B4C4-B583CD1AC8B0}.Ad-Hoc|Any CPU.ActiveCfg = Debug|Any CPU
		{19A86C74-2A41-4165-B4C4-B583CD1AC8B0}.Ad-Hoc|Any CPU.Build.0 = Debug|Any CPU
		{19A86C74-2A41-4165-B4C4-B583CD1AC8B0}.Ad-Hoc|iPhone.ActiveCfg = Debug|Any CPU
		{19A86C74-2A41-4165-B4C4-B583CD1AC8B0}.Ad-Hoc|iPhone.Build.0 = Debug|Any CPU
		{19A86C74-2A41-4165-B4C4-B583CD1AC8B0}.Ad-Hoc|iPhoneSimulator.ActiveCfg = Debug|Any CPU
		{19A86C74-2A41-4165-B4C4-B583CD1AC8B0}.Ad-Hoc|iPhoneSimulator.Build.0 = Debug|Any CPU
		{19A86C74-2A41-4165-B4C4-B583CD1AC8B0}.AppStore|Any CPU.ActiveCfg = Debug|Any CPU
		{19A86C74-2A41-4165-B4C4-B583CD1AC8B0}.AppStore|Any CPU.Build.0 = Debug|Any CPU
		{19A86C74-2A41-4165-B4C4-B583CD1AC8B0}.AppStore|iPhone.ActiveCfg = Debug|Any CPU
		{19A86C74-2A41-4165-B4C4-B583CD1AC8B0}.AppStore|iPhone.Build.0 = Debug|Any CPU
		{19A86C74-2A41-4165-B4C4-B583CD1AC8B0}.AppStore|iPhoneSimulator.ActiveCfg = Debug|Any CPU
		{19A86C74-2A41-4165-B4C4-B583CD1AC8B0}.AppStore|iPhoneSimulator.Build.0 = Debug|Any CPU
		{19A86C74-2A41-4165-B4C4-B583CD1AC8B0}.Debug|Any CPU.ActiveCfg = Debug|Any CPU
		{19A86C74-2A41-4165-B4C4-B583CD1AC8B0}.Debug|Any CPU.Build.0 = Debug|Any CPU
		{19A86C74-2A41-4165-B4C4-B583CD1AC8B0}.Debug|iPhone.ActiveCfg = Debug|Any CPU
		{19A86C74-2A41-4165-B4C4-B583CD1AC8B0}.Debug|iPhone.Build.0 = Debug|Any CPU
		{19A86C74-2A41-4165-B4C4-B583CD1AC8B0}.Debug|iPhoneSimulator.ActiveCfg = Debug|Any CPU
		{19A86C74-2A41-4165-B4C4-B583CD1AC8B0}.Debug|iPhoneSimulator.Build.0 = Debug|Any CPU
		{19A86C74-2A41-4165-B4C4-B583CD1AC8B0}.Release|Any CPU.ActiveCfg = Release|Any CPU
		{19A86C74-2A41-4165-B4C4-B583CD1AC8B0}.Release|Any CPU.Build.0 = Release|Any CPU
		{19A86C74-2A41-4165-B4C4-B583CD1AC8B0}.Release|iPhone.ActiveCfg = Release|Any CPU
		{19A86C74-2A41-4165-B4C4-B583CD1AC8B0}.Release|iPhone.Build.0 = Release|Any CPU
		{19A86C74-2A41-4165-B4C4-B583CD1AC8B0}.Release|iPhoneSimulator.ActiveCfg = Release|Any CPU
		{19A86C74-2A41-4165-B4C4-B583CD1AC8B0}.Release|iPhoneSimulator.Build.0 = Release|Any CPU
		{4D0A680F-F05D-4657-A2CE-898019404D0D}.Ad-Hoc|Any CPU.ActiveCfg = Debug|Any CPU
		{4D0A680F-F05D-4657-A2CE-898019404D0D}.Ad-Hoc|Any CPU.Build.0 = Debug|Any CPU
		{4D0A680F-F05D-4657-A2CE-898019404D0D}.Ad-Hoc|iPhone.ActiveCfg = Debug|Any CPU
		{4D0A680F-F05D-4657-A2CE-898019404D0D}.Ad-Hoc|iPhone.Build.0 = Debug|Any CPU
		{4D0A680F-F05D-4657-A2CE-898019404D0D}.Ad-Hoc|iPhoneSimulator.ActiveCfg = Debug|Any CPU
		{4D0A680F-F05D-4657-A2CE-898019404D0D}.Ad-Hoc|iPhoneSimulator.Build.0 = Debug|Any CPU
		{4D0A680F-F05D-4657-A2CE-898019404D0D}.AppStore|Any CPU.ActiveCfg = Debug|Any CPU
		{4D0A680F-F05D-4657-A2CE-898019404D0D}.AppStore|Any CPU.Build.0 = Debug|Any CPU
		{4D0A680F-F05D-4657-A2CE-898019404D0D}.AppStore|iPhone.ActiveCfg = Debug|Any CPU
		{4D0A680F-F05D-4657-A2CE-898019404D0D}.AppStore|iPhone.Build.0 = Debug|Any CPU
		{4D0A680F-F05D-4657-A2CE-898019404D0D}.AppStore|iPhoneSimulator.ActiveCfg = Debug|Any CPU
		{4D0A680F-F05D-4657-A2CE-898019404D0D}.AppStore|iPhoneSimulator.Build.0 = Debug|Any CPU
		{4D0A680F-F05D-4657-A2CE-898019404D0D}.Debug|Any CPU.ActiveCfg = Debug|Any CPU
		{4D0A680F-F05D-4657-A2CE-898019404D0D}.Debug|Any CPU.Build.0 = Debug|Any CPU
		{4D0A680F-F05D-4657-A2CE-898019404D0D}.Debug|iPhone.ActiveCfg = Debug|Any CPU
		{4D0A680F-F05D-4657-A2CE-898019404D0D}.Debug|iPhone.Build.0 = Debug|Any CPU
		{4D0A680F-F05D-4657-A2CE-898019404D0D}.Debug|iPhoneSimulator.ActiveCfg = Debug|Any CPU
		{4D0A680F-F05D-4657-A2CE-898019404D0D}.Debug|iPhoneSimulator.Build.0 = Debug|Any CPU
		{4D0A680F-F05D-4657-A2CE-898019404D0D}.Release|Any CPU.ActiveCfg = Release|Any CPU
		{4D0A680F-F05D-4657-A2CE-898019404D0D}.Release|Any CPU.Build.0 = Release|Any CPU
		{4D0A680F-F05D-4657-A2CE-898019404D0D}.Release|iPhone.ActiveCfg = Release|Any CPU
		{4D0A680F-F05D-4657-A2CE-898019404D0D}.Release|iPhone.Build.0 = Release|Any CPU
		{4D0A680F-F05D-4657-A2CE-898019404D0D}.Release|iPhoneSimulator.ActiveCfg = Release|Any CPU
		{4D0A680F-F05D-4657-A2CE-898019404D0D}.Release|iPhoneSimulator.Build.0 = Release|Any CPU
		{6911E3B4-18AB-480D-91FE-F62CA55EEC65}.Ad-Hoc|Any CPU.ActiveCfg = Debug|Any CPU
		{6911E3B4-18AB-480D-91FE-F62CA55EEC65}.Ad-Hoc|Any CPU.Build.0 = Debug|Any CPU
		{6911E3B4-18AB-480D-91FE-F62CA55EEC65}.Ad-Hoc|iPhone.ActiveCfg = Debug|Any CPU
		{6911E3B4-18AB-480D-91FE-F62CA55EEC65}.Ad-Hoc|iPhone.Build.0 = Debug|Any CPU
		{6911E3B4-18AB-480D-91FE-F62CA55EEC65}.Ad-Hoc|iPhoneSimulator.ActiveCfg = Debug|Any CPU
		{6911E3B4-18AB-480D-91FE-F62CA55EEC65}.Ad-Hoc|iPhoneSimulator.Build.0 = Debug|Any CPU
		{6911E3B4-18AB-480D-91FE-F62CA55EEC65}.AppStore|Any CPU.ActiveCfg = Debug|Any CPU
		{6911E3B4-18AB-480D-91FE-F62CA55EEC65}.AppStore|Any CPU.Build.0 = Debug|Any CPU
		{6911E3B4-18AB-480D-91FE-F62CA55EEC65}.AppStore|iPhone.ActiveCfg = Debug|Any CPU
		{6911E3B4-18AB-480D-91FE-F62CA55EEC65}.AppStore|iPhone.Build.0 = Debug|Any CPU
		{6911E3B4-18AB-480D-91FE-F62CA55EEC65}.AppStore|iPhoneSimulator.ActiveCfg = Debug|Any CPU
		{6911E3B4-18AB-480D-91FE-F62CA55EEC65}.AppStore|iPhoneSimulator.Build.0 = Debug|Any CPU
		{6911E3B4-18AB-480D-91FE-F62CA55EEC65}.Debug|Any CPU.ActiveCfg = Debug|Any CPU
		{6911E3B4-18AB-480D-91FE-F62CA55EEC65}.Debug|Any CPU.Build.0 = Debug|Any CPU
		{6911E3B4-18AB-480D-91FE-F62CA55EEC65}.Debug|iPhone.ActiveCfg = Debug|Any CPU
		{6911E3B4-18AB-480D-91FE-F62CA55EEC65}.Debug|iPhone.Build.0 = Debug|Any CPU
		{6911E3B4-18AB-480D-91FE-F62CA55EEC65}.Debug|iPhoneSimulator.ActiveCfg = Debug|Any CPU
		{6911E3B4-18AB-480D-91FE-F62CA55EEC65}.Debug|iPhoneSimulator.Build.0 = Debug|Any CPU
		{6911E3B4-18AB-480D-91FE-F62CA55EEC65}.Release|Any CPU.ActiveCfg = Release|Any CPU
		{6911E3B4-18AB-480D-91FE-F62CA55EEC65}.Release|Any CPU.Build.0 = Release|Any CPU
		{6911E3B4-18AB-480D-91FE-F62CA55EEC65}.Release|iPhone.ActiveCfg = Release|Any CPU
		{6911E3B4-18AB-480D-91FE-F62CA55EEC65}.Release|iPhone.Build.0 = Release|Any CPU
		{6911E3B4-18AB-480D-91FE-F62CA55EEC65}.Release|iPhoneSimulator.ActiveCfg = Release|Any CPU
		{6911E3B4-18AB-480D-91FE-F62CA55EEC65}.Release|iPhoneSimulator.Build.0 = Release|Any CPU
		{DE0A23D3-52D4-4A83-8016-B90D95B608E1}.Ad-Hoc|Any CPU.ActiveCfg = Debug|Any CPU
		{DE0A23D3-52D4-4A83-8016-B90D95B608E1}.Ad-Hoc|Any CPU.Build.0 = Debug|Any CPU
		{DE0A23D3-52D4-4A83-8016-B90D95B608E1}.Ad-Hoc|iPhone.ActiveCfg = Debug|Any CPU
		{DE0A23D3-52D4-4A83-8016-B90D95B608E1}.Ad-Hoc|iPhone.Build.0 = Debug|Any CPU
		{DE0A23D3-52D4-4A83-8016-B90D95B608E1}.Ad-Hoc|iPhoneSimulator.ActiveCfg = Debug|Any CPU
		{DE0A23D3-52D4-4A83-8016-B90D95B608E1}.Ad-Hoc|iPhoneSimulator.Build.0 = Debug|Any CPU
		{DE0A23D3-52D4-4A83-8016-B90D95B608E1}.AppStore|Any CPU.ActiveCfg = Debug|Any CPU
		{DE0A23D3-52D4-4A83-8016-B90D95B608E1}.AppStore|Any CPU.Build.0 = Debug|Any CPU
		{DE0A23D3-52D4-4A83-8016-B90D95B608E1}.AppStore|iPhone.ActiveCfg = Debug|Any CPU
		{DE0A23D3-52D4-4A83-8016-B90D95B608E1}.AppStore|iPhone.Build.0 = Debug|Any CPU
		{DE0A23D3-52D4-4A83-8016-B90D95B608E1}.AppStore|iPhoneSimulator.ActiveCfg = Debug|Any CPU
		{DE0A23D3-52D4-4A83-8016-B90D95B608E1}.AppStore|iPhoneSimulator.Build.0 = Debug|Any CPU
		{DE0A23D3-52D4-4A83-8016-B90D95B608E1}.Debug|Any CPU.ActiveCfg = Debug|Any CPU
		{DE0A23D3-52D4-4A83-8016-B90D95B608E1}.Debug|Any CPU.Build.0 = Debug|Any CPU
		{DE0A23D3-52D4-4A83-8016-B90D95B608E1}.Debug|iPhone.ActiveCfg = Debug|Any CPU
		{DE0A23D3-52D4-4A83-8016-B90D95B608E1}.Debug|iPhone.Build.0 = Debug|Any CPU
		{DE0A23D3-52D4-4A83-8016-B90D95B608E1}.Debug|iPhoneSimulator.ActiveCfg = Debug|Any CPU
		{DE0A23D3-52D4-4A83-8016-B90D95B608E1}.Debug|iPhoneSimulator.Build.0 = Debug|Any CPU
		{DE0A23D3-52D4-4A83-8016-B90D95B608E1}.Release|Any CPU.ActiveCfg = Release|Any CPU
		{DE0A23D3-52D4-4A83-8016-B90D95B608E1}.Release|Any CPU.Build.0 = Release|Any CPU
		{DE0A23D3-52D4-4A83-8016-B90D95B608E1}.Release|iPhone.ActiveCfg = Release|Any CPU
		{DE0A23D3-52D4-4A83-8016-B90D95B608E1}.Release|iPhone.Build.0 = Release|Any CPU
		{DE0A23D3-52D4-4A83-8016-B90D95B608E1}.Release|iPhoneSimulator.ActiveCfg = Release|Any CPU
		{DE0A23D3-52D4-4A83-8016-B90D95B608E1}.Release|iPhoneSimulator.Build.0 = Release|Any CPU
		{8CE8C747-E63F-413C-82B8-C9B750587429}.Ad-Hoc|Any CPU.ActiveCfg = Debug|Any CPU
		{8CE8C747-E63F-413C-82B8-C9B750587429}.Ad-Hoc|Any CPU.Build.0 = Debug|Any CPU
		{8CE8C747-E63F-413C-82B8-C9B750587429}.Ad-Hoc|iPhone.ActiveCfg = Debug|Any CPU
		{8CE8C747-E63F-413C-82B8-C9B750587429}.Ad-Hoc|iPhone.Build.0 = Debug|Any CPU
		{8CE8C747-E63F-413C-82B8-C9B750587429}.Ad-Hoc|iPhoneSimulator.ActiveCfg = Debug|Any CPU
		{8CE8C747-E63F-413C-82B8-C9B750587429}.Ad-Hoc|iPhoneSimulator.Build.0 = Debug|Any CPU
		{8CE8C747-E63F-413C-82B8-C9B750587429}.AppStore|Any CPU.ActiveCfg = Debug|Any CPU
		{8CE8C747-E63F-413C-82B8-C9B750587429}.AppStore|Any CPU.Build.0 = Debug|Any CPU
		{8CE8C747-E63F-413C-82B8-C9B750587429}.AppStore|iPhone.ActiveCfg = Debug|Any CPU
		{8CE8C747-E63F-413C-82B8-C9B750587429}.AppStore|iPhone.Build.0 = Debug|Any CPU
		{8CE8C747-E63F-413C-82B8-C9B750587429}.AppStore|iPhoneSimulator.ActiveCfg = Debug|Any CPU
		{8CE8C747-E63F-413C-82B8-C9B750587429}.AppStore|iPhoneSimulator.Build.0 = Debug|Any CPU
		{8CE8C747-E63F-413C-82B8-C9B750587429}.Debug|Any CPU.ActiveCfg = Debug|Any CPU
		{8CE8C747-E63F-413C-82B8-C9B750587429}.Debug|Any CPU.Build.0 = Debug|Any CPU
		{8CE8C747-E63F-413C-82B8-C9B750587429}.Debug|iPhone.ActiveCfg = Debug|Any CPU
		{8CE8C747-E63F-413C-82B8-C9B750587429}.Debug|iPhone.Build.0 = Debug|Any CPU
		{8CE8C747-E63F-413C-82B8-C9B750587429}.Debug|iPhoneSimulator.ActiveCfg = Debug|Any CPU
		{8CE8C747-E63F-413C-82B8-C9B750587429}.Debug|iPhoneSimulator.Build.0 = Debug|Any CPU
		{8CE8C747-E63F-413C-82B8-C9B750587429}.Release|Any CPU.ActiveCfg = Release|Any CPU
		{8CE8C747-E63F-413C-82B8-C9B750587429}.Release|Any CPU.Build.0 = Release|Any CPU
		{8CE8C747-E63F-413C-82B8-C9B750587429}.Release|iPhone.ActiveCfg = Release|Any CPU
		{8CE8C747-E63F-413C-82B8-C9B750587429}.Release|iPhone.Build.0 = Release|Any CPU
		{8CE8C747-E63F-413C-82B8-C9B750587429}.Release|iPhoneSimulator.ActiveCfg = Release|Any CPU
		{8CE8C747-E63F-413C-82B8-C9B750587429}.Release|iPhoneSimulator.Build.0 = Release|Any CPU
		{73DD9F90-81C2-4133-9CB2-D1D638CD9E1D}.Ad-Hoc|Any CPU.ActiveCfg = Debug|Any CPU
		{73DD9F90-81C2-4133-9CB2-D1D638CD9E1D}.Ad-Hoc|Any CPU.Build.0 = Debug|Any CPU
		{73DD9F90-81C2-4133-9CB2-D1D638CD9E1D}.Ad-Hoc|iPhone.ActiveCfg = Debug|Any CPU
		{73DD9F90-81C2-4133-9CB2-D1D638CD9E1D}.Ad-Hoc|iPhone.Build.0 = Debug|Any CPU
		{73DD9F90-81C2-4133-9CB2-D1D638CD9E1D}.Ad-Hoc|iPhoneSimulator.ActiveCfg = Debug|Any CPU
		{73DD9F90-81C2-4133-9CB2-D1D638CD9E1D}.Ad-Hoc|iPhoneSimulator.Build.0 = Debug|Any CPU
		{73DD9F90-81C2-4133-9CB2-D1D638CD9E1D}.AppStore|Any CPU.ActiveCfg = Debug|Any CPU
		{73DD9F90-81C2-4133-9CB2-D1D638CD9E1D}.AppStore|Any CPU.Build.0 = Debug|Any CPU
		{73DD9F90-81C2-4133-9CB2-D1D638CD9E1D}.AppStore|iPhone.ActiveCfg = Debug|Any CPU
		{73DD9F90-81C2-4133-9CB2-D1D638CD9E1D}.AppStore|iPhone.Build.0 = Debug|Any CPU
		{73DD9F90-81C2-4133-9CB2-D1D638CD9E1D}.AppStore|iPhoneSimulator.ActiveCfg = Debug|Any CPU
		{73DD9F90-81C2-4133-9CB2-D1D638CD9E1D}.AppStore|iPhoneSimulator.Build.0 = Debug|Any CPU
		{73DD9F90-81C2-4133-9CB2-D1D638CD9E1D}.Debug|Any CPU.ActiveCfg = Debug|Any CPU
		{73DD9F90-81C2-4133-9CB2-D1D638CD9E1D}.Debug|Any CPU.Build.0 = Debug|Any CPU
		{73DD9F90-81C2-4133-9CB2-D1D638CD9E1D}.Debug|iPhone.ActiveCfg = Debug|Any CPU
		{73DD9F90-81C2-4133-9CB2-D1D638CD9E1D}.Debug|iPhone.Build.0 = Debug|Any CPU
		{73DD9F90-81C2-4133-9CB2-D1D638CD9E1D}.Debug|iPhoneSimulator.ActiveCfg = Debug|Any CPU
		{73DD9F90-81C2-4133-9CB2-D1D638CD9E1D}.Debug|iPhoneSimulator.Build.0 = Debug|Any CPU
		{73DD9F90-81C2-4133-9CB2-D1D638CD9E1D}.Release|Any CPU.ActiveCfg = Release|Any CPU
		{73DD9F90-81C2-4133-9CB2-D1D638CD9E1D}.Release|Any CPU.Build.0 = Release|Any CPU
		{73DD9F90-81C2-4133-9CB2-D1D638CD9E1D}.Release|iPhone.ActiveCfg = Release|Any CPU
		{73DD9F90-81C2-4133-9CB2-D1D638CD9E1D}.Release|iPhone.Build.0 = Release|Any CPU
		{73DD9F90-81C2-4133-9CB2-D1D638CD9E1D}.Release|iPhoneSimulator.ActiveCfg = Release|Any CPU
		{73DD9F90-81C2-4133-9CB2-D1D638CD9E1D}.Release|iPhoneSimulator.Build.0 = Release|Any CPU
		{84E5B542-FBD2-4497-B038-10A3762D907E}.Ad-Hoc|Any CPU.ActiveCfg = Debug|Any CPU
		{84E5B542-FBD2-4497-B038-10A3762D907E}.Ad-Hoc|Any CPU.Build.0 = Debug|Any CPU
		{84E5B542-FBD2-4497-B038-10A3762D907E}.Ad-Hoc|iPhone.ActiveCfg = Debug|Any CPU
		{84E5B542-FBD2-4497-B038-10A3762D907E}.Ad-Hoc|iPhone.Build.0 = Debug|Any CPU
		{84E5B542-FBD2-4497-B038-10A3762D907E}.Ad-Hoc|iPhoneSimulator.ActiveCfg = Debug|Any CPU
		{84E5B542-FBD2-4497-B038-10A3762D907E}.Ad-Hoc|iPhoneSimulator.Build.0 = Debug|Any CPU
		{84E5B542-FBD2-4497-B038-10A3762D907E}.AppStore|Any CPU.ActiveCfg = Debug|Any CPU
		{84E5B542-FBD2-4497-B038-10A3762D907E}.AppStore|Any CPU.Build.0 = Debug|Any CPU
		{84E5B542-FBD2-4497-B038-10A3762D907E}.AppStore|iPhone.ActiveCfg = Debug|Any CPU
		{84E5B542-FBD2-4497-B038-10A3762D907E}.AppStore|iPhone.Build.0 = Debug|Any CPU
		{84E5B542-FBD2-4497-B038-10A3762D907E}.AppStore|iPhoneSimulator.ActiveCfg = Debug|Any CPU
		{84E5B542-FBD2-4497-B038-10A3762D907E}.AppStore|iPhoneSimulator.Build.0 = Debug|Any CPU
		{84E5B542-FBD2-4497-B038-10A3762D907E}.Debug|Any CPU.ActiveCfg = Debug|Any CPU
		{84E5B542-FBD2-4497-B038-10A3762D907E}.Debug|Any CPU.Build.0 = Debug|Any CPU
		{84E5B542-FBD2-4497-B038-10A3762D907E}.Debug|iPhone.ActiveCfg = Debug|Any CPU
		{84E5B542-FBD2-4497-B038-10A3762D907E}.Debug|iPhone.Build.0 = Debug|Any CPU
		{84E5B542-FBD2-4497-B038-10A3762D907E}.Debug|iPhoneSimulator.ActiveCfg = Debug|Any CPU
		{84E5B542-FBD2-4497-B038-10A3762D907E}.Debug|iPhoneSimulator.Build.0 = Debug|Any CPU
		{84E5B542-FBD2-4497-B038-10A3762D907E}.Release|Any CPU.ActiveCfg = Release|Any CPU
		{84E5B542-FBD2-4497-B038-10A3762D907E}.Release|Any CPU.Build.0 = Release|Any CPU
		{84E5B542-FBD2-4497-B038-10A3762D907E}.Release|iPhone.ActiveCfg = Release|Any CPU
		{84E5B542-FBD2-4497-B038-10A3762D907E}.Release|iPhone.Build.0 = Release|Any CPU
		{84E5B542-FBD2-4497-B038-10A3762D907E}.Release|iPhoneSimulator.ActiveCfg = Release|Any CPU
		{84E5B542-FBD2-4497-B038-10A3762D907E}.Release|iPhoneSimulator.Build.0 = Release|Any CPU
		{FF03742F-FBB5-4F36-B767-6394DF797108}.Ad-Hoc|Any CPU.ActiveCfg = Debug|Any CPU
		{FF03742F-FBB5-4F36-B767-6394DF797108}.Ad-Hoc|Any CPU.Build.0 = Debug|Any CPU
		{FF03742F-FBB5-4F36-B767-6394DF797108}.Ad-Hoc|iPhone.ActiveCfg = Debug|Any CPU
		{FF03742F-FBB5-4F36-B767-6394DF797108}.Ad-Hoc|iPhone.Build.0 = Debug|Any CPU
		{FF03742F-FBB5-4F36-B767-6394DF797108}.Ad-Hoc|iPhoneSimulator.ActiveCfg = Debug|Any CPU
		{FF03742F-FBB5-4F36-B767-6394DF797108}.Ad-Hoc|iPhoneSimulator.Build.0 = Debug|Any CPU
		{FF03742F-FBB5-4F36-B767-6394DF797108}.AppStore|Any CPU.ActiveCfg = Debug|Any CPU
		{FF03742F-FBB5-4F36-B767-6394DF797108}.AppStore|Any CPU.Build.0 = Debug|Any CPU
		{FF03742F-FBB5-4F36-B767-6394DF797108}.AppStore|iPhone.ActiveCfg = Debug|Any CPU
		{FF03742F-FBB5-4F36-B767-6394DF797108}.AppStore|iPhone.Build.0 = Debug|Any CPU
		{FF03742F-FBB5-4F36-B767-6394DF797108}.AppStore|iPhoneSimulator.ActiveCfg = Debug|Any CPU
		{FF03742F-FBB5-4F36-B767-6394DF797108}.AppStore|iPhoneSimulator.Build.0 = Debug|Any CPU
		{FF03742F-FBB5-4F36-B767-6394DF797108}.Debug|Any CPU.ActiveCfg = Debug|Any CPU
		{FF03742F-FBB5-4F36-B767-6394DF797108}.Debug|Any CPU.Build.0 = Debug|Any CPU
		{FF03742F-FBB5-4F36-B767-6394DF797108}.Debug|iPhone.ActiveCfg = Debug|Any CPU
		{FF03742F-FBB5-4F36-B767-6394DF797108}.Debug|iPhone.Build.0 = Debug|Any CPU
		{FF03742F-FBB5-4F36-B767-6394DF797108}.Debug|iPhoneSimulator.ActiveCfg = Debug|Any CPU
		{FF03742F-FBB5-4F36-B767-6394DF797108}.Debug|iPhoneSimulator.Build.0 = Debug|Any CPU
		{FF03742F-FBB5-4F36-B767-6394DF797108}.Release|Any CPU.ActiveCfg = Release|Any CPU
		{FF03742F-FBB5-4F36-B767-6394DF797108}.Release|Any CPU.Build.0 = Release|Any CPU
		{FF03742F-FBB5-4F36-B767-6394DF797108}.Release|iPhone.ActiveCfg = Release|Any CPU
		{FF03742F-FBB5-4F36-B767-6394DF797108}.Release|iPhone.Build.0 = Release|Any CPU
		{FF03742F-FBB5-4F36-B767-6394DF797108}.Release|iPhoneSimulator.ActiveCfg = Release|Any CPU
		{FF03742F-FBB5-4F36-B767-6394DF797108}.Release|iPhoneSimulator.Build.0 = Release|Any CPU
		{99677E08-2FB1-4E5F-86AF-8D5A95E31E03}.Ad-Hoc|Any CPU.ActiveCfg = Debug|Any CPU
		{99677E08-2FB1-4E5F-86AF-8D5A95E31E03}.Ad-Hoc|Any CPU.Build.0 = Debug|Any CPU
		{99677E08-2FB1-4E5F-86AF-8D5A95E31E03}.Ad-Hoc|iPhone.ActiveCfg = Debug|Any CPU
		{99677E08-2FB1-4E5F-86AF-8D5A95E31E03}.Ad-Hoc|iPhone.Build.0 = Debug|Any CPU
		{99677E08-2FB1-4E5F-86AF-8D5A95E31E03}.Ad-Hoc|iPhoneSimulator.ActiveCfg = Debug|Any CPU
		{99677E08-2FB1-4E5F-86AF-8D5A95E31E03}.Ad-Hoc|iPhoneSimulator.Build.0 = Debug|Any CPU
		{99677E08-2FB1-4E5F-86AF-8D5A95E31E03}.AppStore|Any CPU.ActiveCfg = Debug|Any CPU
		{99677E08-2FB1-4E5F-86AF-8D5A95E31E03}.AppStore|Any CPU.Build.0 = Debug|Any CPU
		{99677E08-2FB1-4E5F-86AF-8D5A95E31E03}.AppStore|iPhone.ActiveCfg = Debug|Any CPU
		{99677E08-2FB1-4E5F-86AF-8D5A95E31E03}.AppStore|iPhone.Build.0 = Debug|Any CPU
		{99677E08-2FB1-4E5F-86AF-8D5A95E31E03}.AppStore|iPhoneSimulator.ActiveCfg = Debug|Any CPU
		{99677E08-2FB1-4E5F-86AF-8D5A95E31E03}.AppStore|iPhoneSimulator.Build.0 = Debug|Any CPU
		{99677E08-2FB1-4E5F-86AF-8D5A95E31E03}.Debug|Any CPU.ActiveCfg = Debug|Any CPU
		{99677E08-2FB1-4E5F-86AF-8D5A95E31E03}.Debug|Any CPU.Build.0 = Debug|Any CPU
		{99677E08-2FB1-4E5F-86AF-8D5A95E31E03}.Debug|iPhone.ActiveCfg = Debug|Any CPU
		{99677E08-2FB1-4E5F-86AF-8D5A95E31E03}.Debug|iPhone.Build.0 = Debug|Any CPU
		{99677E08-2FB1-4E5F-86AF-8D5A95E31E03}.Debug|iPhoneSimulator.ActiveCfg = Debug|Any CPU
		{99677E08-2FB1-4E5F-86AF-8D5A95E31E03}.Debug|iPhoneSimulator.Build.0 = Debug|Any CPU
		{99677E08-2FB1-4E5F-86AF-8D5A95E31E03}.Release|Any CPU.ActiveCfg = Release|Any CPU
		{99677E08-2FB1-4E5F-86AF-8D5A95E31E03}.Release|Any CPU.Build.0 = Release|Any CPU
		{99677E08-2FB1-4E5F-86AF-8D5A95E31E03}.Release|iPhone.ActiveCfg = Release|Any CPU
		{99677E08-2FB1-4E5F-86AF-8D5A95E31E03}.Release|iPhone.Build.0 = Release|Any CPU
		{99677E08-2FB1-4E5F-86AF-8D5A95E31E03}.Release|iPhoneSimulator.ActiveCfg = Release|Any CPU
		{99677E08-2FB1-4E5F-86AF-8D5A95E31E03}.Release|iPhoneSimulator.Build.0 = Release|Any CPU
		{458CDC73-1E93-40FC-BC95-1919E8BDB244}.Ad-Hoc|Any CPU.ActiveCfg = Debug|Any CPU
		{458CDC73-1E93-40FC-BC95-1919E8BDB244}.Ad-Hoc|Any CPU.Build.0 = Debug|Any CPU
		{458CDC73-1E93-40FC-BC95-1919E8BDB244}.Ad-Hoc|iPhone.ActiveCfg = Debug|Any CPU
		{458CDC73-1E93-40FC-BC95-1919E8BDB244}.Ad-Hoc|iPhone.Build.0 = Debug|Any CPU
		{458CDC73-1E93-40FC-BC95-1919E8BDB244}.Ad-Hoc|iPhoneSimulator.ActiveCfg = Debug|Any CPU
		{458CDC73-1E93-40FC-BC95-1919E8BDB244}.Ad-Hoc|iPhoneSimulator.Build.0 = Debug|Any CPU
		{458CDC73-1E93-40FC-BC95-1919E8BDB244}.AppStore|Any CPU.ActiveCfg = Debug|Any CPU
		{458CDC73-1E93-40FC-BC95-1919E8BDB244}.AppStore|Any CPU.Build.0 = Debug|Any CPU
		{458CDC73-1E93-40FC-BC95-1919E8BDB244}.AppStore|iPhone.ActiveCfg = Debug|Any CPU
		{458CDC73-1E93-40FC-BC95-1919E8BDB244}.AppStore|iPhone.Build.0 = Debug|Any CPU
		{458CDC73-1E93-40FC-BC95-1919E8BDB244}.AppStore|iPhoneSimulator.ActiveCfg = Debug|Any CPU
		{458CDC73-1E93-40FC-BC95-1919E8BDB244}.AppStore|iPhoneSimulator.Build.0 = Debug|Any CPU
		{458CDC73-1E93-40FC-BC95-1919E8BDB244}.Debug|Any CPU.ActiveCfg = Debug|Any CPU
		{458CDC73-1E93-40FC-BC95-1919E8BDB244}.Debug|Any CPU.Build.0 = Debug|Any CPU
		{458CDC73-1E93-40FC-BC95-1919E8BDB244}.Debug|iPhone.ActiveCfg = Debug|Any CPU
		{458CDC73-1E93-40FC-BC95-1919E8BDB244}.Debug|iPhone.Build.0 = Debug|Any CPU
		{458CDC73-1E93-40FC-BC95-1919E8BDB244}.Debug|iPhoneSimulator.ActiveCfg = Debug|Any CPU
		{458CDC73-1E93-40FC-BC95-1919E8BDB244}.Debug|iPhoneSimulator.Build.0 = Debug|Any CPU
		{458CDC73-1E93-40FC-BC95-1919E8BDB244}.Release|Any CPU.ActiveCfg = Release|Any CPU
		{458CDC73-1E93-40FC-BC95-1919E8BDB244}.Release|Any CPU.Build.0 = Release|Any CPU
		{458CDC73-1E93-40FC-BC95-1919E8BDB244}.Release|iPhone.ActiveCfg = Release|Any CPU
		{458CDC73-1E93-40FC-BC95-1919E8BDB244}.Release|iPhone.Build.0 = Release|Any CPU
		{458CDC73-1E93-40FC-BC95-1919E8BDB244}.Release|iPhoneSimulator.ActiveCfg = Release|Any CPU
		{458CDC73-1E93-40FC-BC95-1919E8BDB244}.Release|iPhoneSimulator.Build.0 = Release|Any CPU
	EndGlobalSection
	GlobalSection(SolutionProperties) = preSolution
		HideSolutionNode = FALSE
	EndGlobalSection
	GlobalSection(NestedProjects) = preSolution
		{9EBB6490-DD57-4FA8-9E8F-7A469F9A1E9F} = {B1AE4E9F-6EF9-4EAB-80C4-20E68089154E}
		{1DE85E54-BC85-420D-8716-F3E7B02231D0} = {B1AE4E9F-6EF9-4EAB-80C4-20E68089154E}
		{BBE78D6E-B8FB-4309-A851-DF2E2F614D6C} = {B1AE4E9F-6EF9-4EAB-80C4-20E68089154E}
		{056E7B6E-10E4-4D09-BB28-7C4C5F184CEF} = {205AB5AB-9883-438E-B5AC-EDB72DF98AC6}
		{3EEC2700-E72C-464C-B22E-A3BB3729DC91} = {056E7B6E-10E4-4D09-BB28-7C4C5F184CEF}
		{19A86C74-2A41-4165-B4C4-B583CD1AC8B0} = {056E7B6E-10E4-4D09-BB28-7C4C5F184CEF}
		{7071F56E-7B59-4B53-A37E-FAA0C8A13E40} = {205AB5AB-9883-438E-B5AC-EDB72DF98AC6}
		{4D0A680F-F05D-4657-A2CE-898019404D0D} = {7071F56E-7B59-4B53-A37E-FAA0C8A13E40}
		{6911E3B4-18AB-480D-91FE-F62CA55EEC65} = {7071F56E-7B59-4B53-A37E-FAA0C8A13E40}
		{10805D1C-67B8-4689-9CB7-EF50B498FB9D} = {205AB5AB-9883-438E-B5AC-EDB72DF98AC6}
		{DE0A23D3-52D4-4A83-8016-B90D95B608E1} = {10805D1C-67B8-4689-9CB7-EF50B498FB9D}
		{8CE8C747-E63F-413C-82B8-C9B750587429} = {10805D1C-67B8-4689-9CB7-EF50B498FB9D}
		{14A2C9D9-D2DF-4E3B-8A00-71EE525D0347} = {205AB5AB-9883-438E-B5AC-EDB72DF98AC6}
		{73DD9F90-81C2-4133-9CB2-D1D638CD9E1D} = {14A2C9D9-D2DF-4E3B-8A00-71EE525D0347}
		{84E5B542-FBD2-4497-B038-10A3762D907E} = {056E7B6E-10E4-4D09-BB28-7C4C5F184CEF}
		{FF03742F-FBB5-4F36-B767-6394DF797108} = {B1AE4E9F-6EF9-4EAB-80C4-20E68089154E}
		{99677E08-2FB1-4E5F-86AF-8D5A95E31E03} = {B1AE4E9F-6EF9-4EAB-80C4-20E68089154E}
		{458CDC73-1E93-40FC-BC95-1919E8BDB244} = {B1AE4E9F-6EF9-4EAB-80C4-20E68089154E}
	EndGlobalSection
	GlobalSection(ExtensibilityGlobals) = postSolution
		SolutionGuid = {D4B995A3-F208-4E07-9CED-5E5F57A0646E}
	EndGlobalSection
EndGlobal
